
Microsoft Visual Studio Solution File, Format Version 12.00
# Visual Studio Version 17
VisualStudioVersion = 17.10.34928.147
MinimumVisualStudioVersion = 10.0.40219.1
Project("{FAE04EC0-301F-11D3-BF4B-00C04F79EFBC}") = "Tasks PP", "Tasks PP\Tasks PP.csproj", "{9B265D3E-D99E-451C-815E-03308E8797BB}"
EndProject
Global
	GlobalSection(SolutionConfigurationPlatforms) = preSolution
		Debug|Any CPU = Debug|Any CPU
		Release|Any CPU = Release|Any CPU
	EndGlobalSection
	GlobalSection(ProjectConfigurationPlatforms) = postSolution
		{9B265D3E-D99E-451C-815E-03308E8797BB}.Debug|Any CPU.ActiveCfg = Debug|Any CPU
		{9B265D3E-D99E-451C-815E-03308E8797BB}.Debug|Any CPU.Build.0 = Debug|Any CPU
		{9B265D3E-D99E-451C-815E-03308E8797BB}.Release|Any CPU.ActiveCfg = Release|Any CPU
		{9B265D3E-D99E-451C-815E-03308E8797BB}.Release|Any CPU.Build.0 = Release|Any CPU
	EndGlobalSection
	GlobalSection(SolutionProperties) = preSolution
		HideSolutionNode = FALSE
	EndGlobalSection
	GlobalSection(ExtensibilityGlobals) = postSolution
		SolutionGuid = {662A6807-13C6-42DE-9689-2CBC9F0D61AC}
	EndGlobalSection
EndGlobal
